
Microsoft Visual Studio Solution File, Format Version 12.00
# Visual Studio Version 17
VisualStudioVersion = 17.5.33530.505
MinimumVisualStudioVersion = 10.0.40219.1
Project("{FAE04EC0-301F-11D3-BF4B-00C04F79EFBC}") = "TrabalhoPingPong", "TrabalhoPingPong\TrabalhoPingPong.csproj", "{1385C194-C2E5-46A3-895C-D9B1B4F72D46}"
EndProject
Global
	GlobalSection(SolutionConfigurationPlatforms) = preSolution
		Debug|Any CPU = Debug|Any CPU
		Release|Any CPU = Release|Any CPU
	EndGlobalSection
	GlobalSection(ProjectConfigurationPlatforms) = postSolution
		{1385C194-C2E5-46A3-895C-D9B1B4F72D46}.Debug|Any CPU.ActiveCfg = Debug|Any CPU
		{1385C194-C2E5-46A3-895C-D9B1B4F72D46}.Debug|Any CPU.Build.0 = Debug|Any CPU
		{1385C194-C2E5-46A3-895C-D9B1B4F72D46}.Release|Any CPU.ActiveCfg = Release|Any CPU
		{1385C194-C2E5-46A3-895C-D9B1B4F72D46}.Release|Any CPU.Build.0 = Release|Any CPU
	EndGlobalSection
	GlobalSection(SolutionProperties) = preSolution
		HideSolutionNode = FALSE
	EndGlobalSection
	GlobalSection(ExtensibilityGlobals) = postSolution
		SolutionGuid = {6D0B42A3-B40B-4FEA-80E8-28F0578B1DC3}
	EndGlobalSection
EndGlobal
